// !$*UTF8*$!
{
	archiveVersion = 1;
	classes = {
	};
	objectVersion = 46;
	objects = {

/* Begin PBXBuildFile section */
		262A2EC814B8945100807B34 /* MyGallery.m in Sources */ = {isa = PBXBuildFile; fileRef = 262A2EC714B8945100807B34 /* MyGallery.m */; };
		264A59E314C73445004AD42E /* Galerie.m in Sources */ = {isa = PBXBuildFile; fileRef = 264A59E214C73444004AD42E /* Galerie.m */; };
		2654E0B714C33F7100F9B1FF /* libsqlite3.0.dylib in Frameworks */ = {isa = PBXBuildFile; fileRef = 2654E0B414C33F1400F9B1FF /* libsqlite3.0.dylib */; };
		267A21C514B86FCD00A8B194 /* Painting.m in Sources */ = {isa = PBXBuildFile; fileRef = 267A21C414B86FCD00A8B194 /* Painting.m */; };
		267A21C814B86FE600A8B194 /* ArtStyle.m in Sources */ = {isa = PBXBuildFile; fileRef = 267A21C714B86FE600A8B194 /* ArtStyle.m */; };
		267A21CB14B86FFE00A8B194 /* Game.m in Sources */ = {isa = PBXBuildFile; fileRef = 267A21CA14B86FFD00A8B194 /* Game.m */; };
		267A21CE14B8702800A8B194 /* Question.m in Sources */ = {isa = PBXBuildFile; fileRef = 267A21CD14B8702800A8B194 /* Question.m */; };
		267A21D114B8704900A8B194 /* Answer.m in Sources */ = {isa = PBXBuildFile; fileRef = 267A21D014B8704800A8B194 /* Answer.m */; };
		267A21D414B8706400A8B194 /* Hints.m in Sources */ = {isa = PBXBuildFile; fileRef = 267A21D314B8706400A8B194 /* Hints.m */; };
		26F8A56E14C4AF5700009509 /* Musuem.sql in Resources */ = {isa = PBXBuildFile; fileRef = 26F8A56D14C4AF5700009509 /* Musuem.sql */; };
		84111C9814B787E1009C60BD /* MainMenuVC.m in Sources */ = {isa = PBXBuildFile; fileRef = 84111C9714B787E1009C60BD /* MainMenuVC.m */; };
		84160BD514950E3A0049C4B4 /* UIKit.framework in Frameworks */ = {isa = PBXBuildFile; fileRef = 84160BD414950E3A0049C4B4 /* UIKit.framework */; };
		84160BD714950E3A0049C4B4 /* Foundation.framework in Frameworks */ = {isa = PBXBuildFile; fileRef = 84160BD614950E3A0049C4B4 /* Foundation.framework */; };
		84160BD914950E3A0049C4B4 /* CoreGraphics.framework in Frameworks */ = {isa = PBXBuildFile; fileRef = 84160BD814950E3A0049C4B4 /* CoreGraphics.framework */; };
		84160BDB14950E3A0049C4B4 /* CoreData.framework in Frameworks */ = {isa = PBXBuildFile; fileRef = 84160BDA14950E3A0049C4B4 /* CoreData.framework */; };
		84160BE114950E3A0049C4B4 /* InfoPlist.strings in Resources */ = {isa = PBXBuildFile; fileRef = 84160BDF14950E3A0049C4B4 /* InfoPlist.strings */; };
		84160BE314950E3A0049C4B4 /* main.m in Sources */ = {isa = PBXBuildFile; fileRef = 84160BE214950E3A0049C4B4 /* main.m */; };
		84160BE714950E3B0049C4B4 /* PEMAppDelegate.m in Sources */ = {isa = PBXBuildFile; fileRef = 84160BE614950E3B0049C4B4 /* PEMAppDelegate.m */; };
		84160BEA14950E3B0049C4B4 /* Lustiges_Bilderraten.xcdatamodeld in Sources */ = {isa = PBXBuildFile; fileRef = 84160BE814950E3B0049C4B4 /* Lustiges_Bilderraten.xcdatamodeld */; };
		84160BF114950E5A0049C4B4 /* Storyboard.storyboard in Resources */ = {isa = PBXBuildFile; fileRef = 84160BF014950E5A0049C4B4 /* Storyboard.storyboard */; };
		8461E7D214B8962E00BA363B /* SettingsVC.m in Sources */ = {isa = PBXBuildFile; fileRef = 8461E7D114B8962E00BA363B /* SettingsVC.m */; };
		8461E7D414B8968400BA363B /* MyGalleryTableVC.m in Sources */ = {isa = PBXBuildFile; fileRef = 8461E7D314B8968400BA363B /* MyGalleryTableVC.m */; };
		8461E7D714B8992100BA363B /* ImageChooserVC.m in Sources */ = {isa = PBXBuildFile; fileRef = 8461E7D614B8992100BA363B /* ImageChooserVC.m */; };
		8461E7DE14B8B3A100BA363B /* noImage.png in Resources */ = {isa = PBXBuildFile; fileRef = 8461E7DA14B8B3A100BA363B /* noImage.png */; };
		8461E7DF14B8B3A100BA363B /* noImage@2x.png in Resources */ = {isa = PBXBuildFile; fileRef = 8461E7DB14B8B3A100BA363B /* noImage@2x.png */; };
		8461E7E414B8B87E00BA363B /* chooseImageButtonHighlighted.png in Resources */ = {isa = PBXBuildFile; fileRef = 8461E7E214B8B87E00BA363B /* chooseImageButtonHighlighted.png */; };
		8461E7E714B8CF0C00BA363B /* QuestionVC.m in Sources */ = {isa = PBXBuildFile; fileRef = 8461E7E614B8CF0C00BA363B /* QuestionVC.m */; };
		8461E7EE14B8E0B200BA363B /* star_default.png in Resources */ = {isa = PBXBuildFile; fileRef = 8461E7EC14B8E0B100BA363B /* star_default.png */; };
		8461E7EF14B8E0B200BA363B /* star_highlighted.png in Resources */ = {isa = PBXBuildFile; fileRef = 8461E7ED14B8E0B100BA363B /* star_highlighted.png */; };
		84667B1B14B9A20600FEA1A1 /* ConclusionVC.m in Sources */ = {isa = PBXBuildFile; fileRef = 84667B1A14B9A20600FEA1A1 /* ConclusionVC.m */; };
		84667B1E14B9A78A00FEA1A1 /* chooseImageButton.png in Resources */ = {isa = PBXBuildFile; fileRef = 84667B1D14B9A78A00FEA1A1 /* chooseImageButton.png */; };
		84667B2114B9B2C300FEA1A1 /* GameOverVC.m in Sources */ = {isa = PBXBuildFile; fileRef = 84667B2014B9B2C300FEA1A1 /* GameOverVC.m */; };
		A64BDFB214BCE5B500CA2068 /* ManualVC.m in Sources */ = {isa = PBXBuildFile; fileRef = A64BDFB114BCE5B500CA2068 /* ManualVC.m */; };
/* End PBXBuildFile section */

/* Begin PBXFileReference section */
		262A2EC614B8945100807B34 /* MyGallery.h */ = {isa = PBXFileReference; fileEncoding = 4; lastKnownFileType = sourcecode.c.h; path = MyGallery.h; sourceTree = "<group>"; };
		262A2EC714B8945100807B34 /* MyGallery.m */ = {isa = PBXFileReference; fileEncoding = 4; lastKnownFileType = sourcecode.c.objc; path = MyGallery.m; sourceTree = "<group>"; };
		264A59E114C73444004AD42E /* Galerie.h */ = {isa = PBXFileReference; fileEncoding = 4; lastKnownFileType = sourcecode.c.h; path = Galerie.h; sourceTree = "<group>"; };
		264A59E214C73444004AD42E /* Galerie.m */ = {isa = PBXFileReference; fileEncoding = 4; lastKnownFileType = sourcecode.c.objc; path = Galerie.m; sourceTree = "<group>"; };
		2654E0B414C33F1400F9B1FF /* libsqlite3.0.dylib */ = {isa = PBXFileReference; lastKnownFileType = "compiled.mach-o.dylib"; name = libsqlite3.0.dylib; path = usr/lib/libsqlite3.0.dylib; sourceTree = SDKROOT; };
		267A21C314B86FCD00A8B194 /* Painting.h */ = {isa = PBXFileReference; fileEncoding = 4; lastKnownFileType = sourcecode.c.h; path = Painting.h; sourceTree = "<group>"; };
		267A21C414B86FCD00A8B194 /* Painting.m */ = {isa = PBXFileReference; fileEncoding = 4; lastKnownFileType = sourcecode.c.objc; path = Painting.m; sourceTree = "<group>"; };
		267A21C614B86FE600A8B194 /* ArtStyle.h */ = {isa = PBXFileReference; fileEncoding = 4; lastKnownFileType = sourcecode.c.h; path = ArtStyle.h; sourceTree = "<group>"; };
		267A21C714B86FE600A8B194 /* ArtStyle.m */ = {isa = PBXFileReference; fileEncoding = 4; lastKnownFileType = sourcecode.c.objc; path = ArtStyle.m; sourceTree = "<group>"; };
		267A21C914B86FFD00A8B194 /* Game.h */ = {isa = PBXFileReference; fileEncoding = 4; lastKnownFileType = sourcecode.c.h; path = Game.h; sourceTree = "<group>"; };
		267A21CA14B86FFD00A8B194 /* Game.m */ = {isa = PBXFileReference; fileEncoding = 4; lastKnownFileType = sourcecode.c.objc; path = Game.m; sourceTree = "<group>"; };
		267A21CC14B8702800A8B194 /* Question.h */ = {isa = PBXFileReference; fileEncoding = 4; lastKnownFileType = sourcecode.c.h; path = Question.h; sourceTree = "<group>"; };
		267A21CD14B8702800A8B194 /* Question.m */ = {isa = PBXFileReference; fileEncoding = 4; lastKnownFileType = sourcecode.c.objc; path = Question.m; sourceTree = "<group>"; };
		267A21CF14B8704800A8B194 /* Answer.h */ = {isa = PBXFileReference; fileEncoding = 4; lastKnownFileType = sourcecode.c.h; path = Answer.h; sourceTree = "<group>"; };
		267A21D014B8704800A8B194 /* Answer.m */ = {isa = PBXFileReference; fileEncoding = 4; lastKnownFileType = sourcecode.c.objc; path = Answer.m; sourceTree = "<group>"; };
		267A21D214B8706400A8B194 /* Hints.h */ = {isa = PBXFileReference; fileEncoding = 4; lastKnownFileType = sourcecode.c.h; path = Hints.h; sourceTree = "<group>"; };
		267A21D314B8706400A8B194 /* Hints.m */ = {isa = PBXFileReference; fileEncoding = 4; lastKnownFileType = sourcecode.c.objc; path = Hints.m; sourceTree = "<group>"; };
		26F8A56D14C4AF5700009509 /* Musuem.sql */ = {isa = PBXFileReference; lastKnownFileType = file; path = Musuem.sql; sourceTree = "<group>"; };
		84111C9614B787E1009C60BD /* MainMenuVC.h */ = {isa = PBXFileReference; fileEncoding = 4; lastKnownFileType = sourcecode.c.h; path = MainMenuVC.h; sourceTree = "<group>"; };
		84111C9714B787E1009C60BD /* MainMenuVC.m */ = {isa = PBXFileReference; fileEncoding = 4; lastKnownFileType = sourcecode.c.objc; path = MainMenuVC.m; sourceTree = "<group>"; };
		84160BD014950E3A0049C4B4 /* Lustiges Bilderraten.app */ = {isa = PBXFileReference; explicitFileType = wrapper.application; includeInIndex = 0; path = "Lustiges Bilderraten.app"; sourceTree = BUILT_PRODUCTS_DIR; };
		84160BD414950E3A0049C4B4 /* UIKit.framework */ = {isa = PBXFileReference; lastKnownFileType = wrapper.framework; name = UIKit.framework; path = System/Library/Frameworks/UIKit.framework; sourceTree = SDKROOT; };
		84160BD614950E3A0049C4B4 /* Foundation.framework */ = {isa = PBXFileReference; lastKnownFileType = wrapper.framework; name = Foundation.framework; path = System/Library/Frameworks/Foundation.framework; sourceTree = SDKROOT; };
		84160BD814950E3A0049C4B4 /* CoreGraphics.framework */ = {isa = PBXFileReference; lastKnownFileType = wrapper.framework; name = CoreGraphics.framework; path = System/Library/Frameworks/CoreGraphics.framework; sourceTree = SDKROOT; };
		84160BDA14950E3A0049C4B4 /* CoreData.framework */ = {isa = PBXFileReference; lastKnownFileType = wrapper.framework; name = CoreData.framework; path = System/Library/Frameworks/CoreData.framework; sourceTree = SDKROOT; };
		84160BDE14950E3A0049C4B4 /* Lustiges Bilderraten-Info.plist */ = {isa = PBXFileReference; lastKnownFileType = text.plist.xml; path = "Lustiges Bilderraten-Info.plist"; sourceTree = "<group>"; };
		84160BE014950E3A0049C4B4 /* en */ = {isa = PBXFileReference; lastKnownFileType = text.plist.strings; name = en; path = en.lproj/InfoPlist.strings; sourceTree = "<group>"; };
		84160BE214950E3A0049C4B4 /* main.m */ = {isa = PBXFileReference; lastKnownFileType = sourcecode.c.objc; path = main.m; sourceTree = "<group>"; };
		84160BE414950E3B0049C4B4 /* Lustiges Bilderraten-Prefix.pch */ = {isa = PBXFileReference; lastKnownFileType = sourcecode.c.h; path = "Lustiges Bilderraten-Prefix.pch"; sourceTree = "<group>"; };
		84160BE514950E3B0049C4B4 /* PEMAppDelegate.h */ = {isa = PBXFileReference; lastKnownFileType = sourcecode.c.h; path = PEMAppDelegate.h; sourceTree = "<group>"; };
		84160BE614950E3B0049C4B4 /* PEMAppDelegate.m */ = {isa = PBXFileReference; lastKnownFileType = sourcecode.c.objc; path = PEMAppDelegate.m; sourceTree = "<group>"; };
		84160BE914950E3B0049C4B4 /* Lustiges_Bilderraten.xcdatamodel */ = {isa = PBXFileReference; lastKnownFileType = wrapper.xcdatamodel; path = Lustiges_Bilderraten.xcdatamodel; sourceTree = "<group>"; };
		84160BF014950E5A0049C4B4 /* Storyboard.storyboard */ = {isa = PBXFileReference; fileEncoding = 4; lastKnownFileType = file.storyboard; path = Storyboard.storyboard; sourceTree = "<group>"; };
		8461E7D114B8962E00BA363B /* SettingsVC.m */ = {isa = PBXFileReference; fileEncoding = 4; lastKnownFileType = sourcecode.c.objc; path = SettingsVC.m; sourceTree = "<group>"; };
		8461E7D314B8968400BA363B /* MyGalleryTableVC.m */ = {isa = PBXFileReference; fileEncoding = 4; lastKnownFileType = sourcecode.c.objc; path = MyGalleryTableVC.m; sourceTree = "<group>"; };
		8461E7D514B8992100BA363B /* ImageChooserVC.h */ = {isa = PBXFileReference; fileEncoding = 4; lastKnownFileType = sourcecode.c.h; path = ImageChooserVC.h; sourceTree = "<group>"; };
		8461E7D614B8992100BA363B /* ImageChooserVC.m */ = {isa = PBXFileReference; fileEncoding = 4; lastKnownFileType = sourcecode.c.objc; path = ImageChooserVC.m; sourceTree = "<group>"; };
		8461E7DA14B8B3A100BA363B /* noImage.png */ = {isa = PBXFileReference; lastKnownFileType = image.png; path = noImage.png; sourceTree = "<group>"; };
		8461E7DB14B8B3A100BA363B /* noImage@2x.png */ = {isa = PBXFileReference; lastKnownFileType = image.png; path = "noImage@2x.png"; sourceTree = "<group>"; };
		8461E7E214B8B87E00BA363B /* chooseImageButtonHighlighted.png */ = {isa = PBXFileReference; lastKnownFileType = image.png; path = chooseImageButtonHighlighted.png; sourceTree = "<group>"; };
		8461E7E514B8CF0C00BA363B /* QuestionVC.h */ = {isa = PBXFileReference; fileEncoding = 4; lastKnownFileType = sourcecode.c.h; path = QuestionVC.h; sourceTree = "<group>"; };
		8461E7E614B8CF0C00BA363B /* QuestionVC.m */ = {isa = PBXFileReference; fileEncoding = 4; lastKnownFileType = sourcecode.c.objc; path = QuestionVC.m; sourceTree = "<group>"; };
		8461E7EC14B8E0B100BA363B /* star_default.png */ = {isa = PBXFileReference; lastKnownFileType = image.png; path = star_default.png; sourceTree = "<group>"; };
		8461E7ED14B8E0B100BA363B /* star_highlighted.png */ = {isa = PBXFileReference; lastKnownFileType = image.png; path = star_highlighted.png; sourceTree = "<group>"; };
		84667B1914B9A20600FEA1A1 /* ConclusionVC.h */ = {isa = PBXFileReference; fileEncoding = 4; lastKnownFileType = sourcecode.c.h; path = ConclusionVC.h; sourceTree = "<group>"; };
		84667B1A14B9A20600FEA1A1 /* ConclusionVC.m */ = {isa = PBXFileReference; fileEncoding = 4; lastKnownFileType = sourcecode.c.objc; path = ConclusionVC.m; sourceTree = "<group>"; };
		84667B1D14B9A78A00FEA1A1 /* chooseImageButton.png */ = {isa = PBXFileReference; lastKnownFileType = image.png; path = chooseImageButton.png; sourceTree = "<group>"; };
		84667B1F14B9B2C300FEA1A1 /* GameOverVC.h */ = {isa = PBXFileReference; fileEncoding = 4; lastKnownFileType = sourcecode.c.h; path = GameOverVC.h; sourceTree = "<group>"; };
		84667B2014B9B2C300FEA1A1 /* GameOverVC.m */ = {isa = PBXFileReference; fileEncoding = 4; lastKnownFileType = sourcecode.c.objc; path = GameOverVC.m; sourceTree = "<group>"; };
		849BAD2D14B86FA2005E75B5 /* MyGalleryTableVC.h */ = {isa = PBXFileReference; fileEncoding = 4; lastKnownFileType = sourcecode.c.h; path = MyGalleryTableVC.h; sourceTree = "<group>"; };
		849BAD3014B878C9005E75B5 /* SettingsVC.h */ = {isa = PBXFileReference; fileEncoding = 4; lastKnownFileType = sourcecode.c.h; path = SettingsVC.h; sourceTree = "<group>"; };
		A64BDFB014BCE5B500CA2068 /* ManualVC.h */ = {isa = PBXFileReference; fileEncoding = 4; lastKnownFileType = sourcecode.c.h; path = ManualVC.h; sourceTree = "<group>"; };
		A64BDFB114BCE5B500CA2068 /* ManualVC.m */ = {isa = PBXFileReference; fileEncoding = 4; lastKnownFileType = sourcecode.c.objc; path = ManualVC.m; sourceTree = "<group>"; };
/* End PBXFileReference section */

/* Begin PBXFrameworksBuildPhase section */
		84160BCD14950E3A0049C4B4 /* Frameworks */ = {
			isa = PBXFrameworksBuildPhase;
			buildActionMask = 2147483647;
			files = (
				2654E0B714C33F7100F9B1FF /* libsqlite3.0.dylib in Frameworks */,
				84160BD514950E3A0049C4B4 /* UIKit.framework in Frameworks */,
				84160BD714950E3A0049C4B4 /* Foundation.framework in Frameworks */,
				84160BD914950E3A0049C4B4 /* CoreGraphics.framework in Frameworks */,
				84160BDB14950E3A0049C4B4 /* CoreData.framework in Frameworks */,
			);
			runOnlyForDeploymentPostprocessing = 0;
		};
/* End PBXFrameworksBuildPhase section */

/* Begin PBXGroup section */
		84111C9214B78739009C60BD /* ViewController */ = {
			isa = PBXGroup;
			children = (
				84111C9614B787E1009C60BD /* MainMenuVC.h */,
				84111C9714B787E1009C60BD /* MainMenuVC.m */,
				849BAD2D14B86FA2005E75B5 /* MyGalleryTableVC.h */,
				8461E7D314B8968400BA363B /* MyGalleryTableVC.m */,
				849BAD3014B878C9005E75B5 /* SettingsVC.h */,
				8461E7D114B8962E00BA363B /* SettingsVC.m */,
				8461E7D514B8992100BA363B /* ImageChooserVC.h */,
				8461E7D614B8992100BA363B /* ImageChooserVC.m */,
				8461E7E514B8CF0C00BA363B /* QuestionVC.h */,
				8461E7E614B8CF0C00BA363B /* QuestionVC.m */,
				84667B1914B9A20600FEA1A1 /* ConclusionVC.h */,
				84667B1A14B9A20600FEA1A1 /* ConclusionVC.m */,
				84667B1F14B9B2C300FEA1A1 /* GameOverVC.h */,
				84667B2014B9B2C300FEA1A1 /* GameOverVC.m */,
				A64BDFB014BCE5B500CA2068 /* ManualVC.h */,
				A64BDFB114BCE5B500CA2068 /* ManualVC.m */,
			);
			name = ViewController;
			sourceTree = "<group>";
		};
		84111C9414B7874F009C60BD /* Model */ = {
			isa = PBXGroup;
			children = (
				264A59E114C73444004AD42E /* Galerie.h */,
				264A59E214C73444004AD42E /* Galerie.m */,
				262A2EC614B8945100807B34 /* MyGallery.h */,
				262A2EC714B8945100807B34 /* MyGallery.m */,
				267A21C314B86FCD00A8B194 /* Painting.h */,
				267A21C414B86FCD00A8B194 /* Painting.m */,
				267A21C614B86FE600A8B194 /* ArtStyle.h */,
				267A21C714B86FE600A8B194 /* ArtStyle.m */,
				267A21C914B86FFD00A8B194 /* Game.h */,
				267A21CA14B86FFD00A8B194 /* Game.m */,
				267A21CC14B8702800A8B194 /* Question.h */,
				267A21CD14B8702800A8B194 /* Question.m */,
				267A21CF14B8704800A8B194 /* Answer.h */,
				267A21D014B8704800A8B194 /* Answer.m */,
				267A21D214B8706400A8B194 /* Hints.h */,
				267A21D314B8706400A8B194 /* Hints.m */,
			);
			name = Model;
			sourceTree = "<group>";
		};
		84111C9514B78766009C60BD /* Main */ = {
			isa = PBXGroup;
			children = (
				84160BE514950E3B0049C4B4 /* PEMAppDelegate.h */,
				84160BE614950E3B0049C4B4 /* PEMAppDelegate.m */,
			);
			name = Main;
			sourceTree = "<group>";
		};
		84160BC514950E3A0049C4B4 = {
			isa = PBXGroup;
			children = (
				2654E0B414C33F1400F9B1FF /* libsqlite3.0.dylib */,
				84160BDC14950E3A0049C4B4 /* Lustiges Bilderraten */,
				84160BD314950E3A0049C4B4 /* Frameworks */,
				84160BD114950E3A0049C4B4 /* Products */,
			);
			sourceTree = "<group>";
		};
		84160BD114950E3A0049C4B4 /* Products */ = {
			isa = PBXGroup;
			children = (
				84160BD014950E3A0049C4B4 /* Lustiges Bilderraten.app */,
			);
			name = Products;
			sourceTree = "<group>";
		};
		84160BD314950E3A0049C4B4 /* Frameworks */ = {
			isa = PBXGroup;
			children = (
				84160BD414950E3A0049C4B4 /* UIKit.framework */,
				84160BD614950E3A0049C4B4 /* Foundation.framework */,
				84160BD814950E3A0049C4B4 /* CoreGraphics.framework */,
				84160BDA14950E3A0049C4B4 /* CoreData.framework */,
			);
			name = Frameworks;
			sourceTree = "<group>";
		};
		84160BDC14950E3A0049C4B4 /* Lustiges Bilderraten */ = {
			isa = PBXGroup;
			children = (
				84111C9514B78766009C60BD /* Main */,
				84160BF014950E5A0049C4B4 /* Storyboard.storyboard */,
				84111C9214B78739009C60BD /* ViewController */,
				84111C9414B7874F009C60BD /* Model */,
				8461E7E014B8B3A900BA363B /* Resources */,
				84160BE814950E3B0049C4B4 /* Lustiges_Bilderraten.xcdatamodeld */,
				84160BDD14950E3A0049C4B4 /* Supporting Files */,
			);
			name = "Lustiges Bilderraten";
			path = "Lustiges Bilerraten";
			sourceTree = "<group>";
		};
		84160BDD14950E3A0049C4B4 /* Supporting Files */ = {
			isa = PBXGroup;
			children = (
				84160BDE14950E3A0049C4B4 /* Lustiges Bilderraten-Info.plist */,
				84160BDF14950E3A0049C4B4 /* InfoPlist.strings */,
				84160BE214950E3A0049C4B4 /* main.m */,
				84160BE414950E3B0049C4B4 /* Lustiges Bilderraten-Prefix.pch */,
			);
			name = "Supporting Files";
			sourceTree = "<group>";
		};
		8461E7E014B8B3A900BA363B /* Resources */ = {
			isa = PBXGroup;
			children = (
				26F8A56D14C4AF5700009509 /* Musuem.sql */,
				84667B1D14B9A78A00FEA1A1 /* chooseImageButton.png */,
				8461E7EC14B8E0B100BA363B /* star_default.png */,
				8461E7ED14B8E0B100BA363B /* star_highlighted.png */,
				8461E7E214B8B87E00BA363B /* chooseImageButtonHighlighted.png */,
				8461E7DA14B8B3A100BA363B /* noImage.png */,
				8461E7DB14B8B3A100BA363B /* noImage@2x.png */,
			);
			name = Resources;
			sourceTree = "<group>";
		};
/* End PBXGroup section */

/* Begin PBXNativeTarget section */
		84160BCF14950E3A0049C4B4 /* Lustiges Bilderraten */ = {
			isa = PBXNativeTarget;
			buildConfigurationList = 84160BED14950E3B0049C4B4 /* Build configuration list for PBXNativeTarget "Lustiges Bilderraten" */;
			buildPhases = (
				84160BCC14950E3A0049C4B4 /* Sources */,
				84160BCD14950E3A0049C4B4 /* Frameworks */,
				84160BCE14950E3A0049C4B4 /* Resources */,
			);
			buildRules = (
			);
			dependencies = (
			);
			name = "Lustiges Bilderraten";
			productName = "Lustiges Bilerraten";
			productReference = 84160BD014950E3A0049C4B4 /* Lustiges Bilderraten.app */;
			productType = "com.apple.product-type.application";
		};
/* End PBXNativeTarget section */

/* Begin PBXProject section */
		84160BC714950E3A0049C4B4 /* Project object */ = {
			isa = PBXProject;
			attributes = {
				LastUpgradeCheck = 0420;
			};
			buildConfigurationList = 84160BCA14950E3A0049C4B4 /* Build configuration list for PBXProject "Lustiges Bilderraten" */;
			compatibilityVersion = "Xcode 3.2";
			developmentRegion = English;
			hasScannedForEncodings = 0;
			knownRegions = (
				en,
			);
			mainGroup = 84160BC514950E3A0049C4B4;
			productRefGroup = 84160BD114950E3A0049C4B4 /* Products */;
			projectDirPath = "";
			projectRoot = "";
			targets = (
				84160BCF14950E3A0049C4B4 /* Lustiges Bilderraten */,
			);
		};
/* End PBXProject section */

/* Begin PBXResourcesBuildPhase section */
		84160BCE14950E3A0049C4B4 /* Resources */ = {
			isa = PBXResourcesBuildPhase;
			buildActionMask = 2147483647;
			files = (
				84160BE114950E3A0049C4B4 /* InfoPlist.strings in Resources */,
				84160BF114950E5A0049C4B4 /* Storyboard.storyboard in Resources */,
				8461E7DE14B8B3A100BA363B /* noImage.png in Resources */,
				8461E7DF14B8B3A100BA363B /* noImage@2x.png in Resources */,
				8461E7E414B8B87E00BA363B /* chooseImageButtonHighlighted.png in Resources */,
				8461E7EE14B8E0B200BA363B /* star_default.png in Resources */,
				8461E7EF14B8E0B200BA363B /* star_highlighted.png in Resources */,
				84667B1E14B9A78A00FEA1A1 /* chooseImageButton.png in Resources */,
				26F8A56E14C4AF5700009509 /* Musuem.sql in Resources */,
			);
			runOnlyForDeploymentPostprocessing = 0;
		};
/* End PBXResourcesBuildPhase section */

/* Begin PBXSourcesBuildPhase section */
		84160BCC14950E3A0049C4B4 /* Sources */ = {
			isa = PBXSourcesBuildPhase;
			buildActionMask = 2147483647;
			files = (
				84160BE314950E3A0049C4B4 /* main.m in Sources */,
				84160BE714950E3B0049C4B4 /* PEMAppDelegate.m in Sources */,
				84160BEA14950E3B0049C4B4 /* Lustiges_Bilderraten.xcdatamodeld in Sources */,
				84111C9814B787E1009C60BD /* MainMenuVC.m in Sources */,
				267A21C514B86FCD00A8B194 /* Painting.m in Sources */,
				267A21C814B86FE600A8B194 /* ArtStyle.m in Sources */,
				267A21CB14B86FFE00A8B194 /* Game.m in Sources */,
				267A21CE14B8702800A8B194 /* Question.m in Sources */,
				267A21D114B8704900A8B194 /* Answer.m in Sources */,
				267A21D414B8706400A8B194 /* Hints.m in Sources */,
				262A2EC814B8945100807B34 /* MyGallery.m in Sources */,
				8461E7D214B8962E00BA363B /* SettingsVC.m in Sources */,
				8461E7D414B8968400BA363B /* MyGalleryTableVC.m in Sources */,
				8461E7D714B8992100BA363B /* ImageChooserVC.m in Sources */,
				8461E7E714B8CF0C00BA363B /* QuestionVC.m in Sources */,
				84667B1B14B9A20600FEA1A1 /* ConclusionVC.m in Sources */,
				84667B2114B9B2C300FEA1A1 /* GameOverVC.m in Sources */,
				A64BDFB214BCE5B500CA2068 /* ManualVC.m in Sources */,
				264A59E314C73445004AD42E /* Galerie.m in Sources */,
			);
			runOnlyForDeploymentPostprocessing = 0;
		};
/* End PBXSourcesBuildPhase section */

/* Begin PBXVariantGroup section */
		84160BDF14950E3A0049C4B4 /* InfoPlist.strings */ = {
			isa = PBXVariantGroup;
			children = (
				84160BE014950E3A0049C4B4 /* en */,
			);
			name = InfoPlist.strings;
			sourceTree = "<group>";
		};
/* End PBXVariantGroup section */

/* Begin XCBuildConfiguration section */
		84160BEB14950E3B0049C4B4 /* Debug */ = {
			isa = XCBuildConfiguration;
			buildSettings = {
				ALWAYS_SEARCH_USER_PATHS = NO;
				ARCHS = "$(ARCHS_STANDARD_32_BIT)";
				CLANG_ENABLE_OBJC_ARC = YES;
				"CODE_SIGN_IDENTITY[sdk=iphoneos*]" = "iPhone Developer";
				COPY_PHASE_STRIP = NO;
				GCC_C_LANGUAGE_STANDARD = gnu99;
				GCC_DYNAMIC_NO_PIC = NO;
				GCC_OPTIMIZATION_LEVEL = 0;
				GCC_PREPROCESSOR_DEFINITIONS = (
					"DEBUG=1",
					"$(inherited)",
				);
				GCC_SYMBOLS_PRIVATE_EXTERN = NO;
				GCC_VERSION = com.apple.compilers.llvm.clang.1_0;
				GCC_WARN_ABOUT_MISSING_PROTOTYPES = YES;
				GCC_WARN_ABOUT_RETURN_TYPE = YES;
				GCC_WARN_UNUSED_VARIABLE = YES;
				IPHONEOS_DEPLOYMENT_TARGET = 5.0;
				SDKROOT = iphoneos;
			};
			name = Debug;
		};
		84160BEC14950E3B0049C4B4 /* Release */ = {
			isa = XCBuildConfiguration;
			buildSettings = {
				ALWAYS_SEARCH_USER_PATHS = NO;
				ARCHS = "$(ARCHS_STANDARD_32_BIT)";
				CLANG_ENABLE_OBJC_ARC = YES;
				"CODE_SIGN_IDENTITY[sdk=iphoneos*]" = "iPhone Developer";
				COPY_PHASE_STRIP = YES;
				GCC_C_LANGUAGE_STANDARD = gnu99;
				GCC_VERSION = com.apple.compilers.llvm.clang.1_0;
				GCC_WARN_ABOUT_MISSING_PROTOTYPES = YES;
				GCC_WARN_ABOUT_RETURN_TYPE = YES;
				GCC_WARN_UNUSED_VARIABLE = YES;
				IPHONEOS_DEPLOYMENT_TARGET = 5.0;
				OTHER_CFLAGS = "-DNS_BLOCK_ASSERTIONS=1";
				SDKROOT = iphoneos;
				VALIDATE_PRODUCT = YES;
			};
			name = Release;
		};
		84160BEE14950E3B0049C4B4 /* Debug */ = {
			isa = XCBuildConfiguration;
			buildSettings = {
				GCC_PRECOMPILE_PREFIX_HEADER = YES;
				GCC_PREFIX_HEADER = "Lustiges Bilerraten/Lustiges Bilderraten-Prefix.pch";
				INFOPLIST_FILE = "Lustiges Bilerraten/Lustiges Bilderraten-Info.plist";
				PRODUCT_NAME = "Lustiges Bilderraten";
				WRAPPER_EXTENSION = app;
			};
			name = Debug;
		};
		84160BEF14950E3B0049C4B4 /* Release */ = {
			isa = XCBuildConfiguration;
			buildSettings = {
				GCC_PRECOMPILE_PREFIX_HEADER = YES;
				GCC_PREFIX_HEADER = "Lustiges Bilerraten/Lustiges Bilderraten-Prefix.pch";
				INFOPLIST_FILE = "Lustiges Bilerraten/Lustiges Bilderraten-Info.plist";
				PRODUCT_NAME = "Lustiges Bilderraten";
				WRAPPER_EXTENSION = app;
			};
			name = Release;
		};
/* End XCBuildConfiguration section */

/* Begin XCConfigurationList section */
		84160BCA14950E3A0049C4B4 /* Build configuration list for PBXProject "Lustiges Bilderraten" */ = {
			isa = XCConfigurationList;
			buildConfigurations = (
				84160BEB14950E3B0049C4B4 /* Debug */,
				84160BEC14950E3B0049C4B4 /* Release */,
			);
			defaultConfigurationIsVisible = 0;
			defaultConfigurationName = Release;
		};
		84160BED14950E3B0049C4B4 /* Build configuration list for PBXNativeTarget "Lustiges Bilderraten" */ = {
			isa = XCConfigurationList;
			buildConfigurations = (
				84160BEE14950E3B0049C4B4 /* Debug */,
				84160BEF14950E3B0049C4B4 /* Release */,
			);
			defaultConfigurationIsVisible = 0;
			defaultConfigurationName = Release;
		};
/* End XCConfigurationList section */

/* Begin XCVersionGroup section */
		84160BE814950E3B0049C4B4 /* Lustiges_Bilderraten.xcdatamodeld */ = {
			isa = XCVersionGroup;
			children = (
				84160BE914950E3B0049C4B4 /* Lustiges_Bilderraten.xcdatamodel */,
			);
			currentVersion = 84160BE914950E3B0049C4B4 /* Lustiges_Bilderraten.xcdatamodel */;
			path = Lustiges_Bilderraten.xcdatamodeld;
			sourceTree = "<group>";
			versionGroupType = wrapper.xcdatamodel;
		};
/* End XCVersionGroup section */
	};
	rootObject = 84160BC714950E3A0049C4B4 /* Project object */;
}
