// !$*UTF8*$!
{
	archiveVersion = 1;
	classes = {
	};
	objectVersion = 46;
	objects = {

/* Begin PBXBuildFile section */
		84160BD514950E3A0049C4B4 /* UIKit.framework in Frameworks */ = {isa = PBXBuildFile; fileRef = 84160BD414950E3A0049C4B4 /* UIKit.framework */; };
		84160BD714950E3A0049C4B4 /* Foundation.framework in Frameworks */ = {isa = PBXBuildFile; fileRef = 84160BD614950E3A0049C4B4 /* Foundation.framework */; };
		84160BD914950E3A0049C4B4 /* CoreGraphics.framework in Frameworks */ = {isa = PBXBuildFile; fileRef = 84160BD814950E3A0049C4B4 /* CoreGraphics.framework */; };
		84160BDB14950E3A0049C4B4 /* CoreData.framework in Frameworks */ = {isa = PBXBuildFile; fileRef = 84160BDA14950E3A0049C4B4 /* CoreData.framework */; };
		84160BE114950E3A0049C4B4 /* InfoPlist.strings in Resources */ = {isa = PBXBuildFile; fileRef = 84160BDF14950E3A0049C4B4 /* InfoPlist.strings */; };
		84160BE314950E3A0049C4B4 /* main.m in Sources */ = {isa = PBXBuildFile; fileRef = 84160BE214950E3A0049C4B4 /* main.m */; };
		84160BE714950E3B0049C4B4 /* PEMAppDelegate.m in Sources */ = {isa = PBXBuildFile; fileRef = 84160BE614950E3B0049C4B4 /* PEMAppDelegate.m */; };
		84160BEA14950E3B0049C4B4 /* Lustiges_Bilerraten.xcdatamodeld in Sources */ = {isa = PBXBuildFile; fileRef = 84160BE814950E3B0049C4B4 /* Lustiges_Bilerraten.xcdatamodeld */; };
		84160BF114950E5A0049C4B4 /* Storyboard.storyboard in Resources */ = {isa = PBXBuildFile; fileRef = 84160BF014950E5A0049C4B4 /* Storyboard.storyboard */; };
/* End PBXBuildFile section */

/* Begin PBXFileReference section */
		84160BD014950E3A0049C4B4 /* Lustiges Bilerraten.app */ = {isa = PBXFileReference; explicitFileType = wrapper.application; includeInIndex = 0; path = "Lustiges Bilerraten.app"; sourceTree = BUILT_PRODUCTS_DIR; };
		84160BD414950E3A0049C4B4 /* UIKit.framework */ = {isa = PBXFileReference; lastKnownFileType = wrapper.framework; name = UIKit.framework; path = System/Library/Frameworks/UIKit.framework; sourceTree = SDKROOT; };
		84160BD614950E3A0049C4B4 /* Foundation.framework */ = {isa = PBXFileReference; lastKnownFileType = wrapper.framework; name = Foundation.framework; path = System/Library/Frameworks/Foundation.framework; sourceTree = SDKROOT; };
		84160BD814950E3A0049C4B4 /* CoreGraphics.framework */ = {isa = PBXFileReference; lastKnownFileType = wrapper.framework; name = CoreGraphics.framework; path = System/Library/Frameworks/CoreGraphics.framework; sourceTree = SDKROOT; };
		84160BDA14950E3A0049C4B4 /* CoreData.framework */ = {isa = PBXFileReference; lastKnownFileType = wrapper.framework; name = CoreData.framework; path = System/Library/Frameworks/CoreData.framework; sourceTree = SDKROOT; };
		84160BDE14950E3A0049C4B4 /* Lustiges Bilerraten-Info.plist */ = {isa = PBXFileReference; lastKnownFileType = text.plist.xml; path = "Lustiges Bilerraten-Info.plist"; sourceTree = "<group>"; };
		84160BE014950E3A0049C4B4 /* en */ = {isa = PBXFileReference; lastKnownFileType = text.plist.strings; name = en; path = en.lproj/InfoPlist.strings; sourceTree = "<group>"; };
		84160BE214950E3A0049C4B4 /* main.m */ = {isa = PBXFileReference; lastKnownFileType = sourcecode.c.objc; path = main.m; sourceTree = "<group>"; };
		84160BE414950E3B0049C4B4 /* Lustiges Bilerraten-Prefix.pch */ = {isa = PBXFileReference; lastKnownFileType = sourcecode.c.h; path = "Lustiges Bilerraten-Prefix.pch"; sourceTree = "<group>"; };
		84160BE514950E3B0049C4B4 /* PEMAppDelegate.h */ = {isa = PBXFileReference; lastKnownFileType = sourcecode.c.h; path = PEMAppDelegate.h; sourceTree = "<group>"; };
		84160BE614950E3B0049C4B4 /* PEMAppDelegate.m */ = {isa = PBXFileReference; lastKnownFileType = sourcecode.c.objc; path = PEMAppDelegate.m; sourceTree = "<group>"; };
		84160BE914950E3B0049C4B4 /* Lustiges_Bilerraten.xcdatamodel */ = {isa = PBXFileReference; lastKnownFileType = wrapper.xcdatamodel; path = Lustiges_Bilerraten.xcdatamodel; sourceTree = "<group>"; };
		84160BF014950E5A0049C4B4 /* Storyboard.storyboard */ = {isa = PBXFileReference; fileEncoding = 4; lastKnownFileType = file.storyboard; path = Storyboard.storyboard; sourceTree = "<group>"; };
/* End PBXFileReference section */

/* Begin PBXFrameworksBuildPhase section */
		84160BCD14950E3A0049C4B4 /* Frameworks */ = {
			isa = PBXFrameworksBuildPhase;
			buildActionMask = 2147483647;
			files = (
				84160BD514950E3A0049C4B4 /* UIKit.framework in Frameworks */,
				84160BD714950E3A0049C4B4 /* Foundation.framework in Frameworks */,
				84160BD914950E3A0049C4B4 /* CoreGraphics.framework in Frameworks */,
				84160BDB14950E3A0049C4B4 /* CoreData.framework in Frameworks */,
			);
			runOnlyForDeploymentPostprocessing = 0;
		};
/* End PBXFrameworksBuildPhase section */

/* Begin PBXGroup section */
		84160BC514950E3A0049C4B4 = {
			isa = PBXGroup;
			children = (
				84160BDC14950E3A0049C4B4 /* Lustiges Bilerraten */,
				84160BD314950E3A0049C4B4 /* Frameworks */,
				84160BD114950E3A0049C4B4 /* Products */,
			);
			sourceTree = "<group>";
		};
		84160BD114950E3A0049C4B4 /* Products */ = {
			isa = PBXGroup;
			children = (
				84160BD014950E3A0049C4B4 /* Lustiges Bilerraten.app */,
			);
			name = Products;
			sourceTree = "<group>";
		};
		84160BD314950E3A0049C4B4 /* Frameworks */ = {
			isa = PBXGroup;
			children = (
				84160BD414950E3A0049C4B4 /* UIKit.framework */,
				84160BD614950E3A0049C4B4 /* Foundation.framework */,
				84160BD814950E3A0049C4B4 /* CoreGraphics.framework */,
				84160BDA14950E3A0049C4B4 /* CoreData.framework */,
			);
			name = Frameworks;
			sourceTree = "<group>";
		};
		84160BDC14950E3A0049C4B4 /* Lustiges Bilerraten */ = {
			isa = PBXGroup;
			children = (
				84160BF014950E5A0049C4B4 /* Storyboard.storyboard */,
				84160BE514950E3B0049C4B4 /* PEMAppDelegate.h */,
				84160BE614950E3B0049C4B4 /* PEMAppDelegate.m */,
				84160BE814950E3B0049C4B4 /* Lustiges_Bilerraten.xcdatamodeld */,
				84160BDD14950E3A0049C4B4 /* Supporting Files */,
			);
			path = "Lustiges Bilerraten";
			sourceTree = "<group>";
		};
		84160BDD14950E3A0049C4B4 /* Supporting Files */ = {
			isa = PBXGroup;
			children = (
				84160BDE14950E3A0049C4B4 /* Lustiges Bilerraten-Info.plist */,
				84160BDF14950E3A0049C4B4 /* InfoPlist.strings */,
				84160BE214950E3A0049C4B4 /* main.m */,
				84160BE414950E3B0049C4B4 /* Lustiges Bilerraten-Prefix.pch */,
			);
			name = "Supporting Files";
			sourceTree = "<group>";
		};
/* End PBXGroup section */

/* Begin PBXNativeTarget section */
		84160BCF14950E3A0049C4B4 /* Lustiges Bilerraten */ = {
			isa = PBXNativeTarget;
			buildConfigurationList = 84160BED14950E3B0049C4B4 /* Build configuration list for PBXNativeTarget "Lustiges Bilerraten" */;
			buildPhases = (
				84160BCC14950E3A0049C4B4 /* Sources */,
				84160BCD14950E3A0049C4B4 /* Frameworks */,
				84160BCE14950E3A0049C4B4 /* Resources */,
			);
			buildRules = (
			);
			dependencies = (
			);
			name = "Lustiges Bilerraten";
			productName = "Lustiges Bilerraten";
			productReference = 84160BD014950E3A0049C4B4 /* Lustiges Bilerraten.app */;
			productType = "com.apple.product-type.application";
		};
/* End PBXNativeTarget section */

/* Begin PBXProject section */
		84160BC714950E3A0049C4B4 /* Project object */ = {
			isa = PBXProject;
			attributes = {
				LastUpgradeCheck = 0420;
			};
			buildConfigurationList = 84160BCA14950E3A0049C4B4 /* Build configuration list for PBXProject "Lustiges Bilerraten" */;
			compatibilityVersion = "Xcode 3.2";
			developmentRegion = English;
			hasScannedForEncodings = 0;
			knownRegions = (
				en,
			);
			mainGroup = 84160BC514950E3A0049C4B4;
			productRefGroup = 84160BD114950E3A0049C4B4 /* Products */;
			projectDirPath = "";
			projectRoot = "";
			targets = (
				84160BCF14950E3A0049C4B4 /* Lustiges Bilerraten */,
			);
		};
/* End PBXProject section */

/* Begin PBXResourcesBuildPhase section */
		84160BCE14950E3A0049C4B4 /* Resources */ = {
			isa = PBXResourcesBuildPhase;
			buildActionMask = 2147483647;
			files = (
				84160BE114950E3A0049C4B4 /* InfoPlist.strings in Resources */,
				84160BF114950E5A0049C4B4 /* Storyboard.storyboard in Resources */,
			);
			runOnlyForDeploymentPostprocessing = 0;
		};
/* End PBXResourcesBuildPhase section */

/* Begin PBXSourcesBuildPhase section */
		84160BCC14950E3A0049C4B4 /* Sources */ = {
			isa = PBXSourcesBuildPhase;
			buildActionMask = 2147483647;
			files = (
				84160BE314950E3A0049C4B4 /* main.m in Sources */,
				84160BE714950E3B0049C4B4 /* PEMAppDelegate.m in Sources */,
				84160BEA14950E3B0049C4B4 /* Lustiges_Bilerraten.xcdatamodeld in Sources */,
			);
			runOnlyForDeploymentPostprocessing = 0;
		};
/* End PBXSourcesBuildPhase section */

/* Begin PBXVariantGroup section */
		84160BDF14950E3A0049C4B4 /* InfoPlist.strings */ = {
			isa = PBXVariantGroup;
			children = (
				84160BE014950E3A0049C4B4 /* en */,
			);
			name = InfoPlist.strings;
			sourceTree = "<group>";
		};
/* End PBXVariantGroup section */

/* Begin XCBuildConfiguration section */
		84160BEB14950E3B0049C4B4 /* Debug */ = {
			isa = XCBuildConfiguration;
			buildSettings = {
				ALWAYS_SEARCH_USER_PATHS = NO;
				ARCHS = "$(ARCHS_STANDARD_32_BIT)";
				CLANG_ENABLE_OBJC_ARC = YES;
				"CODE_SIGN_IDENTITY[sdk=iphoneos*]" = "iPhone Developer";
				COPY_PHASE_STRIP = NO;
				GCC_C_LANGUAGE_STANDARD = gnu99;
				GCC_DYNAMIC_NO_PIC = NO;
				GCC_OPTIMIZATION_LEVEL = 0;
				GCC_PREPROCESSOR_DEFINITIONS = (
					"DEBUG=1",
					"$(inherited)",
				);
				GCC_SYMBOLS_PRIVATE_EXTERN = NO;
				GCC_VERSION = com.apple.compilers.llvm.clang.1_0;
				GCC_WARN_ABOUT_MISSING_PROTOTYPES = YES;
				GCC_WARN_ABOUT_RETURN_TYPE = YES;
				GCC_WARN_UNUSED_VARIABLE = YES;
				IPHONEOS_DEPLOYMENT_TARGET = 5.0;
				SDKROOT = iphoneos;
			};
			name = Debug;
		};
		84160BEC14950E3B0049C4B4 /* Release */ = {
			isa = XCBuildConfiguration;
			buildSettings = {
				ALWAYS_SEARCH_USER_PATHS = NO;
				ARCHS = "$(ARCHS_STANDARD_32_BIT)";
				CLANG_ENABLE_OBJC_ARC = YES;
				"CODE_SIGN_IDENTITY[sdk=iphoneos*]" = "iPhone Developer";
				COPY_PHASE_STRIP = YES;
				GCC_C_LANGUAGE_STANDARD = gnu99;
				GCC_VERSION = com.apple.compilers.llvm.clang.1_0;
				GCC_WARN_ABOUT_MISSING_PROTOTYPES = YES;
				GCC_WARN_ABOUT_RETURN_TYPE = YES;
				GCC_WARN_UNUSED_VARIABLE = YES;
				IPHONEOS_DEPLOYMENT_TARGET = 5.0;
				OTHER_CFLAGS = "-DNS_BLOCK_ASSERTIONS=1";
				SDKROOT = iphoneos;
				VALIDATE_PRODUCT = YES;
			};
			name = Release;
		};
		84160BEE14950E3B0049C4B4 /* Debug */ = {
			isa = XCBuildConfiguration;
			buildSettings = {
				GCC_PRECOMPILE_PREFIX_HEADER = YES;
				GCC_PREFIX_HEADER = "Lustiges Bilerraten/Lustiges Bilerraten-Prefix.pch";
				INFOPLIST_FILE = "Lustiges Bilerraten/Lustiges Bilerraten-Info.plist";
				PRODUCT_NAME = "$(TARGET_NAME)";
				WRAPPER_EXTENSION = app;
			};
			name = Debug;
		};
		84160BEF14950E3B0049C4B4 /* Release */ = {
			isa = XCBuildConfiguration;
			buildSettings = {
				GCC_PRECOMPILE_PREFIX_HEADER = YES;
				GCC_PREFIX_HEADER = "Lustiges Bilerraten/Lustiges Bilerraten-Prefix.pch";
				INFOPLIST_FILE = "Lustiges Bilerraten/Lustiges Bilerraten-Info.plist";
				PRODUCT_NAME = "$(TARGET_NAME)";
				WRAPPER_EXTENSION = app;
			};
			name = Release;
		};
/* End XCBuildConfiguration section */

/* Begin XCConfigurationList section */
		84160BCA14950E3A0049C4B4 /* Build configuration list for PBXProject "Lustiges Bilerraten" */ = {
			isa = XCConfigurationList;
			buildConfigurations = (
				84160BEB14950E3B0049C4B4 /* Debug */,
				84160BEC14950E3B0049C4B4 /* Release */,
			);
			defaultConfigurationIsVisible = 0;
			defaultConfigurationName = Release;
		};
		84160BED14950E3B0049C4B4 /* Build configuration list for PBXNativeTarget "Lustiges Bilerraten" */ = {
			isa = XCConfigurationList;
			buildConfigurations = (
				84160BEE14950E3B0049C4B4 /* Debug */,
				84160BEF14950E3B0049C4B4 /* Release */,
			);
			defaultConfigurationIsVisible = 0;
		};
/* End XCConfigurationList section */

/* Begin XCVersionGroup section */
		84160BE814950E3B0049C4B4 /* Lustiges_Bilerraten.xcdatamodeld */ = {
			isa = XCVersionGroup;
			children = (
				84160BE914950E3B0049C4B4 /* Lustiges_Bilerraten.xcdatamodel */,
			);
			currentVersion = 84160BE914950E3B0049C4B4 /* Lustiges_Bilerraten.xcdatamodel */;
			path = Lustiges_Bilerraten.xcdatamodeld;
			sourceTree = "<group>";
			versionGroupType = wrapper.xcdatamodel;
		};
/* End XCVersionGroup section */
	};
	rootObject = 84160BC714950E3A0049C4B4 /* Project object */;
}
